
Microsoft Visual Studio Solution File, Format Version 12.00
# Visual Studio Version 17
VisualStudioVersion = 17.6.33815.320
MinimumVisualStudioVersion = 10.0.40219.1
Project("{8BC9CEB8-8B4A-11D0-8D11-00A0C91BC942}") = "Virtual Painter", "Virtual Painter\Virtual Painter.vcxproj", "{5A2B461C-D766-475A-A633-651BD0D9D8DB}"
EndProject
Global
	GlobalSection(SolutionConfigurationPlatforms) = preSolution
		Debug|x64 = Debug|x64
		Debug|x86 = Debug|x86
		Release|x64 = Release|x64
		Release|x86 = Release|x86
	EndGlobalSection
	GlobalSection(ProjectConfigurationPlatforms) = postSolution
		{5A2B461C-D766-475A-A633-651BD0D9D8DB}.Debug|x64.ActiveCfg = Debug|x64
		{5A2B461C-D766-475A-A633-651BD0D9D8DB}.Debug|x64.Build.0 = Debug|x64
		{5A2B461C-D766-475A-A633-651BD0D9D8DB}.Debug|x86.ActiveCfg = Debug|Win32
		{5A2B461C-D766-475A-A633-651BD0D9D8DB}.Debug|x86.Build.0 = Debug|Win32
		{5A2B461C-D766-475A-A633-651BD0D9D8DB}.Release|x64.ActiveCfg = Release|x64
		{5A2B461C-D766-475A-A633-651BD0D9D8DB}.Release|x64.Build.0 = Release|x64
		{5A2B461C-D766-475A-A633-651BD0D9D8DB}.Release|x86.ActiveCfg = Release|Win32
		{5A2B461C-D766-475A-A633-651BD0D9D8DB}.Release|x86.Build.0 = Release|Win32
	EndGlobalSection
	GlobalSection(SolutionProperties) = preSolution
		HideSolutionNode = FALSE
	EndGlobalSection
	GlobalSection(ExtensibilityGlobals) = postSolution
		SolutionGuid = {2F9B1C14-3626-4814-9A5C-7AEABC2CBD7F}
	EndGlobalSection
EndGlobal
